// !$*UTF8*$!
{
	archiveVersion = 1;
	classes = {
	};
	objectVersion = 56;
	objects = {

/* Begin PBXBuildFile section */
		D27C12912978AD4E00478DD9 /* APIClients.swift in Sources */ = {isa = PBXBuildFile; fileRef = D27C12902978AD4E00478DD9 /* APIClients.swift */; };
		D27C12942978AE9700478DD9 /* GameModel.swift in Sources */ = {isa = PBXBuildFile; fileRef = D27C12932978AE9700478DD9 /* GameModel.swift */; };
		D27C12962978AECB00478DD9 /* SearchListViewModel.swift in Sources */ = {isa = PBXBuildFile; fileRef = D27C12952978AECB00478DD9 /* SearchListViewModel.swift */; };
		D27C12992978B1F500478DD9 /* SDWebImage in Frameworks */ = {isa = PBXBuildFile; productRef = D27C12982978B1F500478DD9 /* SDWebImage */; };
		D27C129B2978B77500478DD9 /* NetworkError.swift in Sources */ = {isa = PBXBuildFile; fileRef = D27C129A2978B77500478DD9 /* NetworkError.swift */; };
		D27C129F2978C23000478DD9 /* GameDetailViewController.swift in Sources */ = {isa = PBXBuildFile; fileRef = D27C129E2978C23000478DD9 /* GameDetailViewController.swift */; };
		D27C12A12978C25700478DD9 /* GameDetailViewModel.swift in Sources */ = {isa = PBXBuildFile; fileRef = D27C12A02978C25700478DD9 /* GameDetailViewModel.swift */; };
		D27C12A32978C26F00478DD9 /* GameDetailModel.swift in Sources */ = {isa = PBXBuildFile; fileRef = D27C12A22978C26F00478DD9 /* GameDetailModel.swift */; };
		D297AAF029800683007CF268 /* LocalNotificationManager.swift in Sources */ = {isa = PBXBuildFile; fileRef = D297AAEF29800683007CF268 /* LocalNotificationManager.swift */; };
		D297AB2029808796007CF268 /* UISearchBar.swift in Sources */ = {isa = PBXBuildFile; fileRef = D297AB1F29808796007CF268 /* UISearchBar.swift */; };
		D297AB292980B87C007CF268 /* Localizable.strings in Resources */ = {isa = PBXBuildFile; fileRef = D297AB2B2980B87C007CF268 /* Localizable.strings */; };
		D2B974E1297A12C500F05037 /* CoreDataManager.swift in Sources */ = {isa = PBXBuildFile; fileRef = D2B974E0297A12C500F05037 /* CoreDataManager.swift */; };
		D2B974E4297AA76900F05037 /* GameFavoriteModel.swift in Sources */ = {isa = PBXBuildFile; fileRef = D2B974E3297AA76900F05037 /* GameFavoriteModel.swift */; };
		D2B974ED297ADD8D00F05037 /* GameFavoriteCollectionViewCell.swift in Sources */ = {isa = PBXBuildFile; fileRef = D2B974EC297ADD8D00F05037 /* GameFavoriteCollectionViewCell.swift */; };
		D2B974EF297AF43100F05037 /* GameFavoriteCollectionViewController.swift in Sources */ = {isa = PBXBuildFile; fileRef = D2B974EE297AF43100F05037 /* GameFavoriteCollectionViewController.swift */; };
		D2B974F2297AF89100F05037 /* EmptyCollectionViewCell.swift in Sources */ = {isa = PBXBuildFile; fileRef = D2B974F0297AF89100F05037 /* EmptyCollectionViewCell.swift */; };
		D2B974F3297AF89100F05037 /* EmptyCollectionViewCell.xib in Resources */ = {isa = PBXBuildFile; fileRef = D2B974F1297AF89100F05037 /* EmptyCollectionViewCell.xib */; };
		D2B974F5297AFB4F00F05037 /* GameFavoriteViewModel.swift in Sources */ = {isa = PBXBuildFile; fileRef = D2B974F4297AFB4F00F05037 /* GameFavoriteViewModel.swift */; };
		D2B974FA297C0CE400F05037 /* APIConstant.swift in Sources */ = {isa = PBXBuildFile; fileRef = D2B974F9297C0CE400F05037 /* APIConstant.swift */; };
		D2B9750C297C2F0200F05037 /* HomeListViewController.swift in Sources */ = {isa = PBXBuildFile; fileRef = D2B9750B297C2F0200F05037 /* HomeListViewController.swift */; };
		D2B9750E297C2F3700F05037 /* PopularTableViewCell.swift in Sources */ = {isa = PBXBuildFile; fileRef = D2B9750D297C2F3700F05037 /* PopularTableViewCell.swift */; };
		D2B97510297C2F4900F05037 /* PopularCollectionViewCell.swift in Sources */ = {isa = PBXBuildFile; fileRef = D2B9750F297C2F4900F05037 /* PopularCollectionViewCell.swift */; };
		D2B97512297C303C00F05037 /* MetacriticTableViewCell.swift in Sources */ = {isa = PBXBuildFile; fileRef = D2B97511297C303C00F05037 /* MetacriticTableViewCell.swift */; };
		D2B97514297C304D00F05037 /* UpcomingTableViewCell.swift in Sources */ = {isa = PBXBuildFile; fileRef = D2B97513297C304C00F05037 /* UpcomingTableViewCell.swift */; };
		D2B97516297C3CD900F05037 /* HomeListViewModel.swift in Sources */ = {isa = PBXBuildFile; fileRef = D2B97515297C3CD900F05037 /* HomeListViewModel.swift */; };
		D2B97518297C40DC00F05037 /* UIView.swift in Sources */ = {isa = PBXBuildFile; fileRef = D2B97517297C40DC00F05037 /* UIView.swift */; };
		D2B97520297D774600F05037 /* NoteListViewController.swift in Sources */ = {isa = PBXBuildFile; fileRef = D2B9751F297D774600F05037 /* NoteListViewController.swift */; };
		D2B97522297D7C8500F05037 /* GameNoteListTableViewCell.swift in Sources */ = {isa = PBXBuildFile; fileRef = D2B97521297D7C8500F05037 /* GameNoteListTableViewCell.swift */; };
		D2B97524297D7CA300F05037 /* GameNoteListViewModel.swift in Sources */ = {isa = PBXBuildFile; fileRef = D2B97523297D7CA300F05037 /* GameNoteListViewModel.swift */; };
		D2B97526297D842E00F05037 /* AddNoteViewController.swift in Sources */ = {isa = PBXBuildFile; fileRef = D2B97525297D842E00F05037 /* AddNoteViewController.swift */; };
		D2B97528297D948C00F05037 /* MetacriticCollectionViewCell.swift in Sources */ = {isa = PBXBuildFile; fileRef = D2B97527297D948C00F05037 /* MetacriticCollectionViewCell.swift */; };
		D2B9752A297DA0C800F05037 /* UpcomingCollectionViewCell.swift in Sources */ = {isa = PBXBuildFile; fileRef = D2B97529297DA0C800F05037 /* UpcomingCollectionViewCell.swift */; };
		D2BA9136297EC3D2005B6DCC /* NoteModel.swift in Sources */ = {isa = PBXBuildFile; fileRef = D2BA9135297EC3D2005B6DCC /* NoteModel.swift */; };
		D2BA9138297EC780005B6DCC /* AddNoteViewModel.swift in Sources */ = {isa = PBXBuildFile; fileRef = D2BA9137297EC780005B6DCC /* AddNoteViewModel.swift */; };
		D2BA9149297F479C005B6DCC /* Spinner.swift in Sources */ = {isa = PBXBuildFile; fileRef = D2BA9148297F479C005B6DCC /* Spinner.swift */; };
		D2C504EE29784EF0008A9733 /* AppDelegate.swift in Sources */ = {isa = PBXBuildFile; fileRef = D2C504ED29784EF0008A9733 /* AppDelegate.swift */; };
		D2C504F529784EF0008A9733 /* Main.storyboard in Resources */ = {isa = PBXBuildFile; fileRef = D2C504F329784EF0008A9733 /* Main.storyboard */; };
		D2C504F829784EF0008A9733 /* RawGameApp.xcdatamodeld in Sources */ = {isa = PBXBuildFile; fileRef = D2C504F629784EF0008A9733 /* RawGameApp.xcdatamodeld */; };
		D2C504FA29784EF1008A9733 /* Assets.xcassets in Resources */ = {isa = PBXBuildFile; fileRef = D2C504F929784EF1008A9733 /* Assets.xcassets */; };
		D2C5050B29785149008A9733 /* SearchListViewController.swift in Sources */ = {isa = PBXBuildFile; fileRef = D2C5050A29785149008A9733 /* SearchListViewController.swift */; };
		D2C5050D297851A8008A9733 /* SearchListTableViewCell.swift in Sources */ = {isa = PBXBuildFile; fileRef = D2C5050C297851A8008A9733 /* SearchListTableViewCell.swift */; };
		D2E26C082980010E0079EB7D /* Decoders.swift in Sources */ = {isa = PBXBuildFile; fileRef = D2E26C072980010E0079EB7D /* Decoders.swift */; };
/* End PBXBuildFile section */

/* Begin PBXFileReference section */
		D27C12902978AD4E00478DD9 /* APIClients.swift */ = {isa = PBXFileReference; lastKnownFileType = sourcecode.swift; path = APIClients.swift; sourceTree = "<group>"; };
		D27C12932978AE9700478DD9 /* GameModel.swift */ = {isa = PBXFileReference; lastKnownFileType = sourcecode.swift; path = GameModel.swift; sourceTree = "<group>"; };
		D27C12952978AECB00478DD9 /* SearchListViewModel.swift */ = {isa = PBXFileReference; lastKnownFileType = sourcecode.swift; path = SearchListViewModel.swift; sourceTree = "<group>"; };
		D27C129A2978B77500478DD9 /* NetworkError.swift */ = {isa = PBXFileReference; lastKnownFileType = sourcecode.swift; path = NetworkError.swift; sourceTree = "<group>"; };
		D27C129E2978C23000478DD9 /* GameDetailViewController.swift */ = {isa = PBXFileReference; lastKnownFileType = sourcecode.swift; path = GameDetailViewController.swift; sourceTree = "<group>"; };
		D27C12A02978C25700478DD9 /* GameDetailViewModel.swift */ = {isa = PBXFileReference; lastKnownFileType = sourcecode.swift; path = GameDetailViewModel.swift; sourceTree = "<group>"; };
		D27C12A22978C26F00478DD9 /* GameDetailModel.swift */ = {isa = PBXFileReference; lastKnownFileType = sourcecode.swift; path = GameDetailModel.swift; sourceTree = "<group>"; };
		D297AAEF29800683007CF268 /* LocalNotificationManager.swift */ = {isa = PBXFileReference; lastKnownFileType = sourcecode.swift; path = LocalNotificationManager.swift; sourceTree = "<group>"; };
		D297AB1F29808796007CF268 /* UISearchBar.swift */ = {isa = PBXFileReference; lastKnownFileType = sourcecode.swift; path = UISearchBar.swift; sourceTree = "<group>"; };
		D297AB252980B719007CF268 /* tr */ = {isa = PBXFileReference; lastKnownFileType = file.storyboard; name = tr; path = tr.lproj/Main.storyboard; sourceTree = "<group>"; };
		D297AB2A2980B87C007CF268 /* tr */ = {isa = PBXFileReference; lastKnownFileType = text.plist.strings; name = tr; path = tr.lproj/Localizable.strings; sourceTree = "<group>"; };
		D297AB2C2980B87E007CF268 /* en */ = {isa = PBXFileReference; lastKnownFileType = text.plist.strings; name = en; path = en.lproj/Localizable.strings; sourceTree = "<group>"; };
		D297AB2D2980B946007CF268 /* en */ = {isa = PBXFileReference; lastKnownFileType = file.storyboard; name = en; path = en.lproj/Main.storyboard; sourceTree = "<group>"; };
		D2B974E0297A12C500F05037 /* CoreDataManager.swift */ = {isa = PBXFileReference; lastKnownFileType = sourcecode.swift; path = CoreDataManager.swift; sourceTree = "<group>"; };
		D2B974E3297AA76900F05037 /* GameFavoriteModel.swift */ = {isa = PBXFileReference; lastKnownFileType = sourcecode.swift; path = GameFavoriteModel.swift; sourceTree = "<group>"; };
		D2B974EC297ADD8D00F05037 /* GameFavoriteCollectionViewCell.swift */ = {isa = PBXFileReference; lastKnownFileType = sourcecode.swift; path = GameFavoriteCollectionViewCell.swift; sourceTree = "<group>"; };
		D2B974EE297AF43100F05037 /* GameFavoriteCollectionViewController.swift */ = {isa = PBXFileReference; lastKnownFileType = sourcecode.swift; path = GameFavoriteCollectionViewController.swift; sourceTree = "<group>"; };
		D2B974F0297AF89100F05037 /* EmptyCollectionViewCell.swift */ = {isa = PBXFileReference; lastKnownFileType = sourcecode.swift; path = EmptyCollectionViewCell.swift; sourceTree = "<group>"; };
		D2B974F1297AF89100F05037 /* EmptyCollectionViewCell.xib */ = {isa = PBXFileReference; lastKnownFileType = file.xib; path = EmptyCollectionViewCell.xib; sourceTree = "<group>"; };
		D2B974F4297AFB4F00F05037 /* GameFavoriteViewModel.swift */ = {isa = PBXFileReference; lastKnownFileType = sourcecode.swift; path = GameFavoriteViewModel.swift; sourceTree = "<group>"; };
		D2B974F9297C0CE400F05037 /* APIConstant.swift */ = {isa = PBXFileReference; lastKnownFileType = sourcecode.swift; path = APIConstant.swift; sourceTree = "<group>"; };
		D2B9750B297C2F0200F05037 /* HomeListViewController.swift */ = {isa = PBXFileReference; lastKnownFileType = sourcecode.swift; path = HomeListViewController.swift; sourceTree = "<group>"; };
		D2B9750D297C2F3700F05037 /* PopularTableViewCell.swift */ = {isa = PBXFileReference; lastKnownFileType = sourcecode.swift; path = PopularTableViewCell.swift; sourceTree = "<group>"; };
		D2B9750F297C2F4900F05037 /* PopularCollectionViewCell.swift */ = {isa = PBXFileReference; lastKnownFileType = sourcecode.swift; path = PopularCollectionViewCell.swift; sourceTree = "<group>"; };
		D2B97511297C303C00F05037 /* MetacriticTableViewCell.swift */ = {isa = PBXFileReference; lastKnownFileType = sourcecode.swift; path = MetacriticTableViewCell.swift; sourceTree = "<group>"; };
		D2B97513297C304C00F05037 /* UpcomingTableViewCell.swift */ = {isa = PBXFileReference; lastKnownFileType = sourcecode.swift; path = UpcomingTableViewCell.swift; sourceTree = "<group>"; };
		D2B97515297C3CD900F05037 /* HomeListViewModel.swift */ = {isa = PBXFileReference; lastKnownFileType = sourcecode.swift; path = HomeListViewModel.swift; sourceTree = "<group>"; };
		D2B97517297C40DC00F05037 /* UIView.swift */ = {isa = PBXFileReference; lastKnownFileType = sourcecode.swift; path = UIView.swift; sourceTree = "<group>"; };
		D2B9751F297D774600F05037 /* NoteListViewController.swift */ = {isa = PBXFileReference; lastKnownFileType = sourcecode.swift; path = NoteListViewController.swift; sourceTree = "<group>"; };
		D2B97521297D7C8500F05037 /* GameNoteListTableViewCell.swift */ = {isa = PBXFileReference; lastKnownFileType = sourcecode.swift; path = GameNoteListTableViewCell.swift; sourceTree = "<group>"; };
		D2B97523297D7CA300F05037 /* GameNoteListViewModel.swift */ = {isa = PBXFileReference; lastKnownFileType = sourcecode.swift; path = GameNoteListViewModel.swift; sourceTree = "<group>"; };
		D2B97525297D842E00F05037 /* AddNoteViewController.swift */ = {isa = PBXFileReference; lastKnownFileType = sourcecode.swift; path = AddNoteViewController.swift; sourceTree = "<group>"; };
		D2B97527297D948C00F05037 /* MetacriticCollectionViewCell.swift */ = {isa = PBXFileReference; lastKnownFileType = sourcecode.swift; path = MetacriticCollectionViewCell.swift; sourceTree = "<group>"; };
		D2B97529297DA0C800F05037 /* UpcomingCollectionViewCell.swift */ = {isa = PBXFileReference; lastKnownFileType = sourcecode.swift; path = UpcomingCollectionViewCell.swift; sourceTree = "<group>"; };
		D2BA9135297EC3D2005B6DCC /* NoteModel.swift */ = {isa = PBXFileReference; lastKnownFileType = sourcecode.swift; path = NoteModel.swift; sourceTree = "<group>"; };
		D2BA9137297EC780005B6DCC /* AddNoteViewModel.swift */ = {isa = PBXFileReference; lastKnownFileType = sourcecode.swift; path = AddNoteViewModel.swift; sourceTree = "<group>"; };
		D2BA9148297F479C005B6DCC /* Spinner.swift */ = {isa = PBXFileReference; lastKnownFileType = sourcecode.swift; path = Spinner.swift; sourceTree = "<group>"; };
		D2C504EA29784EF0008A9733 /* RawGameApp.app */ = {isa = PBXFileReference; explicitFileType = wrapper.application; includeInIndex = 0; path = RawGameApp.app; sourceTree = BUILT_PRODUCTS_DIR; };
		D2C504ED29784EF0008A9733 /* AppDelegate.swift */ = {isa = PBXFileReference; lastKnownFileType = sourcecode.swift; path = AppDelegate.swift; sourceTree = "<group>"; };
		D2C504F729784EF0008A9733 /* RawGameApp.xcdatamodel */ = {isa = PBXFileReference; lastKnownFileType = wrapper.xcdatamodel; path = RawGameApp.xcdatamodel; sourceTree = "<group>"; };
		D2C504F929784EF1008A9733 /* Assets.xcassets */ = {isa = PBXFileReference; lastKnownFileType = folder.assetcatalog; path = Assets.xcassets; sourceTree = "<group>"; };
		D2C504FE29784EF1008A9733 /* Info.plist */ = {isa = PBXFileReference; lastKnownFileType = text.plist.xml; path = Info.plist; sourceTree = "<group>"; };
		D2C5050A29785149008A9733 /* SearchListViewController.swift */ = {isa = PBXFileReference; lastKnownFileType = sourcecode.swift; path = SearchListViewController.swift; sourceTree = "<group>"; };
		D2C5050C297851A8008A9733 /* SearchListTableViewCell.swift */ = {isa = PBXFileReference; lastKnownFileType = sourcecode.swift; path = SearchListTableViewCell.swift; sourceTree = "<group>"; };
		D2E26C072980010E0079EB7D /* Decoders.swift */ = {isa = PBXFileReference; lastKnownFileType = sourcecode.swift; path = Decoders.swift; sourceTree = "<group>"; };
/* End PBXFileReference section */

/* Begin PBXFrameworksBuildPhase section */
		D2C504E729784EF0008A9733 /* Frameworks */ = {
			isa = PBXFrameworksBuildPhase;
			buildActionMask = 2147483647;
			files = (
				D27C12992978B1F500478DD9 /* SDWebImage in Frameworks */,
			);
			runOnlyForDeploymentPostprocessing = 0;
		};
/* End PBXFrameworksBuildPhase section */

/* Begin PBXGroup section */
		D27C12922978AE6500478DD9 /* Models */ = {
			isa = PBXGroup;
			children = (
				D27C129A2978B77500478DD9 /* NetworkError.swift */,
			);
			path = Models;
			sourceTree = "<group>";
		};
		D2B974E2297AA74700F05037 /* GameFavorite */ = {
			isa = PBXGroup;
			children = (
				D2B974EE297AF43100F05037 /* GameFavoriteCollectionViewController.swift */,
				D2BA9129297EB05A005B6DCC /* ViewModel */,
				D2BA9127297EB05A005B6DCC /* Model */,
				D2BA9128297EB05A005B6DCC /* View */,
			);
			path = GameFavorite;
			sourceTree = "<group>";
		};
		D2B974FC297C256400F05037 /* GameList */ = {
			isa = PBXGroup;
			children = (
				D2BA9126297EB050005B6DCC /* ViewModel */,
				D2BA9125297EB04A005B6DCC /* Model */,
				D2BA9123297EB038005B6DCC /* View */,
				D2B9750B297C2F0200F05037 /* HomeListViewController.swift */,
			);
			path = GameList;
			sourceTree = "<group>";
		};
		D2B974FD297C256F00F05037 /* TableViewCell */ = {
			isa = PBXGroup;
			children = (
				D2B9750D297C2F3700F05037 /* PopularTableViewCell.swift */,
				D2B97511297C303C00F05037 /* MetacriticTableViewCell.swift */,
				D2B97513297C304C00F05037 /* UpcomingTableViewCell.swift */,
			);
			path = TableViewCell;
			sourceTree = "<group>";
		};
		D2B97506297C25B700F05037 /* CollectionViewCell */ = {
			isa = PBXGroup;
			children = (
				D2B9750F297C2F4900F05037 /* PopularCollectionViewCell.swift */,
				D2B97527297D948C00F05037 /* MetacriticCollectionViewCell.swift */,
				D2B97529297DA0C800F05037 /* UpcomingCollectionViewCell.swift */,
			);
			path = CollectionViewCell;
			sourceTree = "<group>";
		};
		D2B9751A297C40EE00F05037 /* Extensions */ = {
			isa = PBXGroup;
			children = (
				D2B97517297C40DC00F05037 /* UIView.swift */,
				D2BA9148297F479C005B6DCC /* Spinner.swift */,
				D2E26C072980010E0079EB7D /* Decoders.swift */,
				D297AB1F29808796007CF268 /* UISearchBar.swift */,
			);
			path = Extensions;
			sourceTree = "<group>";
		};
		D2B9751D297D67AC00F05037 /* GameNoteList */ = {
			isa = PBXGroup;
			children = (
				D2B9751F297D774600F05037 /* NoteListViewController.swift */,
				D2BA9131297EB0D9005B6DCC /* ViewModel */,
				D2BA9130297EB0D4005B6DCC /* Model */,
				D2BA9124297EB03C005B6DCC /* View */,
			);
			path = GameNoteList;
			sourceTree = "<group>";
		};
		D2B9751E297D67B800F05037 /* GameAddNote */ = {
			isa = PBXGroup;
			children = (
				D2B97525297D842E00F05037 /* AddNoteViewController.swift */,
				D2BA9134297EB0FE005B6DCC /* Model */,
				D2BA9133297EB0F8005B6DCC /* ViewModel */,
				D2BA9132297EB0F2005B6DCC /* View */,
			);
			path = GameAddNote;
			sourceTree = "<group>";
		};
		D2BA9123297EB038005B6DCC /* View */ = {
			isa = PBXGroup;
			children = (
				D2B974FD297C256F00F05037 /* TableViewCell */,
				D2B97506297C25B700F05037 /* CollectionViewCell */,
			);
			path = View;
			sourceTree = "<group>";
		};
		D2BA9124297EB03C005B6DCC /* View */ = {
			isa = PBXGroup;
			children = (
				D2B97521297D7C8500F05037 /* GameNoteListTableViewCell.swift */,
			);
			path = View;
			sourceTree = "<group>";
		};
		D2BA9125297EB04A005B6DCC /* Model */ = {
			isa = PBXGroup;
			children = (
				D27C12932978AE9700478DD9 /* GameModel.swift */,
			);
			path = Model;
			sourceTree = "<group>";
		};
		D2BA9126297EB050005B6DCC /* ViewModel */ = {
			isa = PBXGroup;
			children = (
				D2B97515297C3CD900F05037 /* HomeListViewModel.swift */,
			);
			path = ViewModel;
			sourceTree = "<group>";
		};
		D2BA9127297EB05A005B6DCC /* Model */ = {
			isa = PBXGroup;
			children = (
				D2B974E3297AA76900F05037 /* GameFavoriteModel.swift */,
			);
			path = Model;
			sourceTree = "<group>";
		};
		D2BA9128297EB05A005B6DCC /* View */ = {
			isa = PBXGroup;
			children = (
				D2B974EC297ADD8D00F05037 /* GameFavoriteCollectionViewCell.swift */,
				D2B974F0297AF89100F05037 /* EmptyCollectionViewCell.swift */,
				D2B974F1297AF89100F05037 /* EmptyCollectionViewCell.xib */,
			);
			path = View;
			sourceTree = "<group>";
		};
		D2BA9129297EB05A005B6DCC /* ViewModel */ = {
			isa = PBXGroup;
			children = (
				D2B974F4297AFB4F00F05037 /* GameFavoriteViewModel.swift */,
			);
			path = ViewModel;
			sourceTree = "<group>";
		};
		D2BA912A297EB05F005B6DCC /* Model */ = {
			isa = PBXGroup;
			children = (
			);
			path = Model;
			sourceTree = "<group>";
		};
		D2BA912B297EB060005B6DCC /* ViewModel */ = {
			isa = PBXGroup;
			children = (
				D27C12952978AECB00478DD9 /* SearchListViewModel.swift */,
			);
			path = ViewModel;
			sourceTree = "<group>";
		};
		D2BA912C297EB060005B6DCC /* View */ = {
			isa = PBXGroup;
			children = (
				D2C5050C297851A8008A9733 /* SearchListTableViewCell.swift */,
			);
			path = View;
			sourceTree = "<group>";
		};
		D2BA912D297EB065005B6DCC /* View */ = {
			isa = PBXGroup;
			children = (
			);
			path = View;
			sourceTree = "<group>";
		};
		D2BA912E297EB065005B6DCC /* ViewModel */ = {
			isa = PBXGroup;
			children = (
				D27C12A02978C25700478DD9 /* GameDetailViewModel.swift */,
			);
			path = ViewModel;
			sourceTree = "<group>";
		};
		D2BA912F297EB065005B6DCC /* Model */ = {
			isa = PBXGroup;
			children = (
				D27C12A22978C26F00478DD9 /* GameDetailModel.swift */,
			);
			path = Model;
			sourceTree = "<group>";
		};
		D2BA9130297EB0D4005B6DCC /* Model */ = {
			isa = PBXGroup;
			children = (
			);
			path = Model;
			sourceTree = "<group>";
		};
		D2BA9131297EB0D9005B6DCC /* ViewModel */ = {
			isa = PBXGroup;
			children = (
				D2B97523297D7CA300F05037 /* GameNoteListViewModel.swift */,
			);
			path = ViewModel;
			sourceTree = "<group>";
		};
		D2BA9132297EB0F2005B6DCC /* View */ = {
			isa = PBXGroup;
			children = (
			);
			path = View;
			sourceTree = "<group>";
		};
		D2BA9133297EB0F8005B6DCC /* ViewModel */ = {
			isa = PBXGroup;
			children = (
				D2BA9137297EC780005B6DCC /* AddNoteViewModel.swift */,
			);
			path = ViewModel;
			sourceTree = "<group>";
		};
		D2BA9134297EB0FE005B6DCC /* Model */ = {
			isa = PBXGroup;
			children = (
				D2BA9135297EC3D2005B6DCC /* NoteModel.swift */,
			);
			path = Model;
			sourceTree = "<group>";
		};
		D2C504E129784EF0008A9733 = {
			isa = PBXGroup;
			children = (
				D2C504EC29784EF0008A9733 /* RawGameApp */,
				D2C504EB29784EF0008A9733 /* Products */,
			);
			sourceTree = "<group>";
		};
		D2C504EB29784EF0008A9733 /* Products */ = {
			isa = PBXGroup;
			children = (
				D2C504EA29784EF0008A9733 /* RawGameApp.app */,
			);
			name = Products;
			sourceTree = "<group>";
		};
		D2C504EC29784EF0008A9733 /* RawGameApp */ = {
			isa = PBXGroup;
			children = (
				D2C505072978506A008A9733 /* App */,
				D27C12922978AE6500478DD9 /* Models */,
				D2C5050629785063008A9733 /* Core */,
				D2C5050529785053008A9733 /* Scene */,
				D2C505042978503C008A9733 /* Util */,
				D2C504F329784EF0008A9733 /* Main.storyboard */,
			);
			path = RawGameApp;
			sourceTree = "<group>";
		};
		D2C505042978503C008A9733 /* Util */ = {
			isa = PBXGroup;
			children = (
				D2B9751A297C40EE00F05037 /* Extensions */,
			);
			path = Util;
			sourceTree = "<group>";
		};
		D2C5050529785053008A9733 /* Scene */ = {
			isa = PBXGroup;
			children = (
				D2B974FC297C256400F05037 /* GameList */,
				D2C50508297850B5008A9733 /* GameDetail */,
				D2C50509297850C1008A9733 /* GameSearch */,
				D2B974E2297AA74700F05037 /* GameFavorite */,
				D2B9751E297D67B800F05037 /* GameAddNote */,
				D2B9751D297D67AC00F05037 /* GameNoteList */,
			);
			path = Scene;
			sourceTree = "<group>";
		};
		D2C5050629785063008A9733 /* Core */ = {
			isa = PBXGroup;
			children = (
				D27C12902978AD4E00478DD9 /* APIClients.swift */,
				D2B974F9297C0CE400F05037 /* APIConstant.swift */,
				D2B974E0297A12C500F05037 /* CoreDataManager.swift */,
				D297AAEF29800683007CF268 /* LocalNotificationManager.swift */,
				D297AB2B2980B87C007CF268 /* Localizable.strings */,
			);
			path = Core;
			sourceTree = "<group>";
		};
		D2C505072978506A008A9733 /* App */ = {
			isa = PBXGroup;
			children = (
				D2C504ED29784EF0008A9733 /* AppDelegate.swift */,
				D2C504FE29784EF1008A9733 /* Info.plist */,
				D2C504F629784EF0008A9733 /* RawGameApp.xcdatamodeld */,
				D2C504F929784EF1008A9733 /* Assets.xcassets */,
			);
			path = App;
			sourceTree = "<group>";
		};
		D2C50508297850B5008A9733 /* GameDetail */ = {
			isa = PBXGroup;
			children = (
				D27C129E2978C23000478DD9 /* GameDetailViewController.swift */,
				D2BA912E297EB065005B6DCC /* ViewModel */,
				D2BA912F297EB065005B6DCC /* Model */,
				D2BA912D297EB065005B6DCC /* View */,
			);
			path = GameDetail;
			sourceTree = "<group>";
		};
		D2C50509297850C1008A9733 /* GameSearch */ = {
			isa = PBXGroup;
			children = (
				D2C5050A29785149008A9733 /* SearchListViewController.swift */,
				D2BA912B297EB060005B6DCC /* ViewModel */,
				D2BA912A297EB05F005B6DCC /* Model */,
				D2BA912C297EB060005B6DCC /* View */,
			);
			path = GameSearch;
			sourceTree = "<group>";
		};
/* End PBXGroup section */

/* Begin PBXNativeTarget section */
		D2C504E929784EF0008A9733 /* RawGameApp */ = {
			isa = PBXNativeTarget;
			buildConfigurationList = D2C5050129784EF1008A9733 /* Build configuration list for PBXNativeTarget "RawGameApp" */;
			buildPhases = (
				D2C504E629784EF0008A9733 /* Sources */,
				D2C504E729784EF0008A9733 /* Frameworks */,
				D2C504E829784EF0008A9733 /* Resources */,
			);
			buildRules = (
			);
			dependencies = (
			);
			name = RawGameApp;
			packageProductDependencies = (
				D27C12982978B1F500478DD9 /* SDWebImage */,
			);
			productName = RawGameApp;
			productReference = D2C504EA29784EF0008A9733 /* RawGameApp.app */;
			productType = "com.apple.product-type.application";
		};
/* End PBXNativeTarget section */

/* Begin PBXProject section */
		D2C504E229784EF0008A9733 /* Project object */ = {
			isa = PBXProject;
			attributes = {
				BuildIndependentTargetsInParallel = 1;
				LastSwiftUpdateCheck = 1410;
				LastUpgradeCheck = 1410;
				TargetAttributes = {
					D2C504E929784EF0008A9733 = {
						CreatedOnToolsVersion = 14.1;
					};
				};
			};
			buildConfigurationList = D2C504E529784EF0008A9733 /* Build configuration list for PBXProject "RawGameApp" */;
			compatibilityVersion = "Xcode 14.0";
			developmentRegion = en;
			hasScannedForEncodings = 0;
			knownRegions = (
				en,
				tr,
			);
			mainGroup = D2C504E129784EF0008A9733;
			packageReferences = (
				D27C12972978B1F500478DD9 /* XCRemoteSwiftPackageReference "SDWebImage" */,
			);
			productRefGroup = D2C504EB29784EF0008A9733 /* Products */;
			projectDirPath = "";
			projectRoot = "";
			targets = (
				D2C504E929784EF0008A9733 /* RawGameApp */,
			);
		};
/* End PBXProject section */

/* Begin PBXResourcesBuildPhase section */
		D2C504E829784EF0008A9733 /* Resources */ = {
			isa = PBXResourcesBuildPhase;
			buildActionMask = 2147483647;
			files = (
				D297AB292980B87C007CF268 /* Localizable.strings in Resources */,
				D2C504FA29784EF1008A9733 /* Assets.xcassets in Resources */,
				D2B974F3297AF89100F05037 /* EmptyCollectionViewCell.xib in Resources */,
				D2C504F529784EF0008A9733 /* Main.storyboard in Resources */,
			);
			runOnlyForDeploymentPostprocessing = 0;
		};
/* End PBXResourcesBuildPhase section */

/* Begin PBXSourcesBuildPhase section */
		D2C504E629784EF0008A9733 /* Sources */ = {
			isa = PBXSourcesBuildPhase;
			buildActionMask = 2147483647;
			files = (
				D27C12962978AECB00478DD9 /* SearchListViewModel.swift in Sources */,
				D27C129B2978B77500478DD9 /* NetworkError.swift in Sources */,
				D2B97524297D7CA300F05037 /* GameNoteListViewModel.swift in Sources */,
				D2E26C082980010E0079EB7D /* Decoders.swift in Sources */,
				D2B974FA297C0CE400F05037 /* APIConstant.swift in Sources */,
				D297AB2029808796007CF268 /* UISearchBar.swift in Sources */,
				D2B97516297C3CD900F05037 /* HomeListViewModel.swift in Sources */,
				D297AAF029800683007CF268 /* LocalNotificationManager.swift in Sources */,
				D2B97522297D7C8500F05037 /* GameNoteListTableViewCell.swift in Sources */,
				D2B9750C297C2F0200F05037 /* HomeListViewController.swift in Sources */,
				D2C504F829784EF0008A9733 /* RawGameApp.xcdatamodeld in Sources */,
				D2B97526297D842E00F05037 /* AddNoteViewController.swift in Sources */,
				D2C5050B29785149008A9733 /* SearchListViewController.swift in Sources */,
				D27C129F2978C23000478DD9 /* GameDetailViewController.swift in Sources */,
				D27C12A12978C25700478DD9 /* GameDetailViewModel.swift in Sources */,
				D2B974F5297AFB4F00F05037 /* GameFavoriteViewModel.swift in Sources */,
				D2B97520297D774600F05037 /* NoteListViewController.swift in Sources */,
				D2B974E4297AA76900F05037 /* GameFavoriteModel.swift in Sources */,
				D2B974E1297A12C500F05037 /* CoreDataManager.swift in Sources */,
				D2B9750E297C2F3700F05037 /* PopularTableViewCell.swift in Sources */,
				D2BA9136297EC3D2005B6DCC /* NoteModel.swift in Sources */,
				D2C504EE29784EF0008A9733 /* AppDelegate.swift in Sources */,
				D2B97514297C304D00F05037 /* UpcomingTableViewCell.swift in Sources */,
				D2B97528297D948C00F05037 /* MetacriticCollectionViewCell.swift in Sources */,
				D2BA9138297EC780005B6DCC /* AddNoteViewModel.swift in Sources */,
				D2B974EF297AF43100F05037 /* GameFavoriteCollectionViewController.swift in Sources */,
				D27C12A32978C26F00478DD9 /* GameDetailModel.swift in Sources */,
				D27C12912978AD4E00478DD9 /* APIClients.swift in Sources */,
				D27C12942978AE9700478DD9 /* GameModel.swift in Sources */,
				D2B9752A297DA0C800F05037 /* UpcomingCollectionViewCell.swift in Sources */,
				D2C5050D297851A8008A9733 /* SearchListTableViewCell.swift in Sources */,
				D2B97518297C40DC00F05037 /* UIView.swift in Sources */,
				D2B97510297C2F4900F05037 /* PopularCollectionViewCell.swift in Sources */,
				D2B974F2297AF89100F05037 /* EmptyCollectionViewCell.swift in Sources */,
				D2B97512297C303C00F05037 /* MetacriticTableViewCell.swift in Sources */,
				D2B974ED297ADD8D00F05037 /* GameFavoriteCollectionViewCell.swift in Sources */,
				D2BA9149297F479C005B6DCC /* Spinner.swift in Sources */,
			);
			runOnlyForDeploymentPostprocessing = 0;
		};
/* End PBXSourcesBuildPhase section */

/* Begin PBXVariantGroup section */
		D297AB2B2980B87C007CF268 /* Localizable.strings */ = {
			isa = PBXVariantGroup;
			children = (
				D297AB2A2980B87C007CF268 /* tr */,
				D297AB2C2980B87E007CF268 /* en */,
			);
			name = Localizable.strings;
			sourceTree = "<group>";
		};
		D2C504F329784EF0008A9733 /* Main.storyboard */ = {
			isa = PBXVariantGroup;
			children = (
				D297AB252980B719007CF268 /* tr */,
				D297AB2D2980B946007CF268 /* en */,
			);
			name = Main.storyboard;
			sourceTree = "<group>";
		};
/* End PBXVariantGroup section */

/* Begin XCBuildConfiguration section */
		D2C504FF29784EF1008A9733 /* Debug */ = {
			isa = XCBuildConfiguration;
			buildSettings = {
				ALWAYS_SEARCH_USER_PATHS = NO;
				CLANG_ANALYZER_LOCALIZABILITY_NONLOCALIZED = YES;
				CLANG_ANALYZER_NONNULL = YES;
				CLANG_ANALYZER_NUMBER_OBJECT_CONVERSION = YES_AGGRESSIVE;
				CLANG_CXX_LANGUAGE_STANDARD = "gnu++20";
				CLANG_ENABLE_MODULES = YES;
				CLANG_ENABLE_OBJC_ARC = YES;
				CLANG_ENABLE_OBJC_WEAK = YES;
				CLANG_WARN_BLOCK_CAPTURE_AUTORELEASING = YES;
				CLANG_WARN_BOOL_CONVERSION = YES;
				CLANG_WARN_COMMA = YES;
				CLANG_WARN_CONSTANT_CONVERSION = YES;
				CLANG_WARN_DEPRECATED_OBJC_IMPLEMENTATIONS = YES;
				CLANG_WARN_DIRECT_OBJC_ISA_USAGE = YES_ERROR;
				CLANG_WARN_DOCUMENTATION_COMMENTS = YES;
				CLANG_WARN_EMPTY_BODY = YES;
				CLANG_WARN_ENUM_CONVERSION = YES;
				CLANG_WARN_INFINITE_RECURSION = YES;
				CLANG_WARN_INT_CONVERSION = YES;
				CLANG_WARN_NON_LITERAL_NULL_CONVERSION = YES;
				CLANG_WARN_OBJC_IMPLICIT_RETAIN_SELF = YES;
				CLANG_WARN_OBJC_LITERAL_CONVERSION = YES;
				CLANG_WARN_OBJC_ROOT_CLASS = YES_ERROR;
				CLANG_WARN_QUOTED_INCLUDE_IN_FRAMEWORK_HEADER = YES;
				CLANG_WARN_RANGE_LOOP_ANALYSIS = YES;
				CLANG_WARN_STRICT_PROTOTYPES = YES;
				CLANG_WARN_SUSPICIOUS_MOVE = YES;
				CLANG_WARN_UNGUARDED_AVAILABILITY = YES_AGGRESSIVE;
				CLANG_WARN_UNREACHABLE_CODE = YES;
				CLANG_WARN__DUPLICATE_METHOD_MATCH = YES;
				COPY_PHASE_STRIP = NO;
				DEBUG_INFORMATION_FORMAT = dwarf;
				ENABLE_STRICT_OBJC_MSGSEND = YES;
				ENABLE_TESTABILITY = YES;
				GCC_C_LANGUAGE_STANDARD = gnu11;
				GCC_DYNAMIC_NO_PIC = NO;
				GCC_NO_COMMON_BLOCKS = YES;
				GCC_OPTIMIZATION_LEVEL = 0;
				GCC_PREPROCESSOR_DEFINITIONS = (
					"DEBUG=1",
					"$(inherited)",
				);
				GCC_WARN_64_TO_32_BIT_CONVERSION = YES;
				GCC_WARN_ABOUT_RETURN_TYPE = YES_ERROR;
				GCC_WARN_UNDECLARED_SELECTOR = YES;
				GCC_WARN_UNINITIALIZED_AUTOS = YES_AGGRESSIVE;
				GCC_WARN_UNUSED_FUNCTION = YES;
				GCC_WARN_UNUSED_VARIABLE = YES;
				IPHONEOS_DEPLOYMENT_TARGET = 16.1;
				MTL_ENABLE_DEBUG_INFO = INCLUDE_SOURCE;
				MTL_FAST_MATH = YES;
				ONLY_ACTIVE_ARCH = YES;
				SDKROOT = iphoneos;
				SWIFT_ACTIVE_COMPILATION_CONDITIONS = DEBUG;
				SWIFT_OPTIMIZATION_LEVEL = "-Onone";
			};
			name = Debug;
		};
		D2C5050029784EF1008A9733 /* Release */ = {
			isa = XCBuildConfiguration;
			buildSettings = {
				ALWAYS_SEARCH_USER_PATHS = NO;
				CLANG_ANALYZER_LOCALIZABILITY_NONLOCALIZED = YES;
				CLANG_ANALYZER_NONNULL = YES;
				CLANG_ANALYZER_NUMBER_OBJECT_CONVERSION = YES_AGGRESSIVE;
				CLANG_CXX_LANGUAGE_STANDARD = "gnu++20";
				CLANG_ENABLE_MODULES = YES;
				CLANG_ENABLE_OBJC_ARC = YES;
				CLANG_ENABLE_OBJC_WEAK = YES;
				CLANG_WARN_BLOCK_CAPTURE_AUTORELEASING = YES;
				CLANG_WARN_BOOL_CONVERSION = YES;
				CLANG_WARN_COMMA = YES;
				CLANG_WARN_CONSTANT_CONVERSION = YES;
				CLANG_WARN_DEPRECATED_OBJC_IMPLEMENTATIONS = YES;
				CLANG_WARN_DIRECT_OBJC_ISA_USAGE = YES_ERROR;
				CLANG_WARN_DOCUMENTATION_COMMENTS = YES;
				CLANG_WARN_EMPTY_BODY = YES;
				CLANG_WARN_ENUM_CONVERSION = YES;
				CLANG_WARN_INFINITE_RECURSION = YES;
				CLANG_WARN_INT_CONVERSION = YES;
				CLANG_WARN_NON_LITERAL_NULL_CONVERSION = YES;
				CLANG_WARN_OBJC_IMPLICIT_RETAIN_SELF = YES;
				CLANG_WARN_OBJC_LITERAL_CONVERSION = YES;
				CLANG_WARN_OBJC_ROOT_CLASS = YES_ERROR;
				CLANG_WARN_QUOTED_INCLUDE_IN_FRAMEWORK_HEADER = YES;
				CLANG_WARN_RANGE_LOOP_ANALYSIS = YES;
				CLANG_WARN_STRICT_PROTOTYPES = YES;
				CLANG_WARN_SUSPICIOUS_MOVE = YES;
				CLANG_WARN_UNGUARDED_AVAILABILITY = YES_AGGRESSIVE;
				CLANG_WARN_UNREACHABLE_CODE = YES;
				CLANG_WARN__DUPLICATE_METHOD_MATCH = YES;
				COPY_PHASE_STRIP = NO;
				DEBUG_INFORMATION_FORMAT = "dwarf-with-dsym";
				ENABLE_NS_ASSERTIONS = NO;
				ENABLE_STRICT_OBJC_MSGSEND = YES;
				GCC_C_LANGUAGE_STANDARD = gnu11;
				GCC_NO_COMMON_BLOCKS = YES;
				GCC_WARN_64_TO_32_BIT_CONVERSION = YES;
				GCC_WARN_ABOUT_RETURN_TYPE = YES_ERROR;
				GCC_WARN_UNDECLARED_SELECTOR = YES;
				GCC_WARN_UNINITIALIZED_AUTOS = YES_AGGRESSIVE;
				GCC_WARN_UNUSED_FUNCTION = YES;
				GCC_WARN_UNUSED_VARIABLE = YES;
				IPHONEOS_DEPLOYMENT_TARGET = 16.1;
				MTL_ENABLE_DEBUG_INFO = NO;
				MTL_FAST_MATH = YES;
				SDKROOT = iphoneos;
				SWIFT_COMPILATION_MODE = wholemodule;
				SWIFT_OPTIMIZATION_LEVEL = "-O";
				VALIDATE_PRODUCT = YES;
			};
			name = Release;
		};
		D2C5050229784EF1008A9733 /* Debug */ = {
			isa = XCBuildConfiguration;
			buildSettings = {
				ASSETCATALOG_COMPILER_APPICON_NAME = AppIcon;
				ASSETCATALOG_COMPILER_GLOBAL_ACCENT_COLOR_NAME = AccentColor;
				CODE_SIGN_STYLE = Automatic;
				CURRENT_PROJECT_VERSION = 1;
				GENERATE_INFOPLIST_FILE = YES;
				INFOPLIST_FILE = RawGameApp/App/Info.plist;
				INFOPLIST_KEY_UIApplicationSupportsIndirectInputEvents = YES;
				INFOPLIST_KEY_UILaunchStoryboardName = LaunchScreen;
				INFOPLIST_KEY_UIMainStoryboardFile = Main;
				INFOPLIST_KEY_UISupportedInterfaceOrientations_iPad = "UIInterfaceOrientationPortrait UIInterfaceOrientationPortraitUpsideDown UIInterfaceOrientationLandscapeLeft UIInterfaceOrientationLandscapeRight";
				INFOPLIST_KEY_UISupportedInterfaceOrientations_iPhone = "UIInterfaceOrientationPortrait UIInterfaceOrientationLandscapeLeft UIInterfaceOrientationLandscapeRight";
				LD_RUNPATH_SEARCH_PATHS = (
					"$(inherited)",
					"@executable_path/Frameworks",
				);
				MARKETING_VERSION = 1.0;
				PRODUCT_BUNDLE_IDENTIFIER = com.kamilcal.RawGameApp;
				PRODUCT_NAME = "$(TARGET_NAME)";
				SWIFT_EMIT_LOC_STRINGS = YES;
				SWIFT_VERSION = 5.0;
				TARGETED_DEVICE_FAMILY = "1,2";
			};
			name = Debug;
		};
		D2C5050329784EF1008A9733 /* Release */ = {
			isa = XCBuildConfiguration;
			buildSettings = {
				ASSETCATALOG_COMPILER_APPICON_NAME = AppIcon;
				ASSETCATALOG_COMPILER_GLOBAL_ACCENT_COLOR_NAME = AccentColor;
				CODE_SIGN_STYLE = Automatic;
				CURRENT_PROJECT_VERSION = 1;
				GENERATE_INFOPLIST_FILE = YES;
				INFOPLIST_FILE = RawGameApp/App/Info.plist;
				INFOPLIST_KEY_UIApplicationSupportsIndirectInputEvents = YES;
				INFOPLIST_KEY_UILaunchStoryboardName = LaunchScreen;
				INFOPLIST_KEY_UIMainStoryboardFile = Main;
				INFOPLIST_KEY_UISupportedInterfaceOrientations_iPad = "UIInterfaceOrientationPortrait UIInterfaceOrientationPortraitUpsideDown UIInterfaceOrientationLandscapeLeft UIInterfaceOrientationLandscapeRight";
				INFOPLIST_KEY_UISupportedInterfaceOrientations_iPhone = "UIInterfaceOrientationPortrait UIInterfaceOrientationLandscapeLeft UIInterfaceOrientationLandscapeRight";
				LD_RUNPATH_SEARCH_PATHS = (
					"$(inherited)",
					"@executable_path/Frameworks",
				);
				MARKETING_VERSION = 1.0;
				PRODUCT_BUNDLE_IDENTIFIER = com.kamilcal.RawGameApp;
				PRODUCT_NAME = "$(TARGET_NAME)";
				SWIFT_EMIT_LOC_STRINGS = YES;
				SWIFT_VERSION = 5.0;
				TARGETED_DEVICE_FAMILY = "1,2";
			};
			name = Release;
		};
/* End XCBuildConfiguration section */

/* Begin XCConfigurationList section */
		D2C504E529784EF0008A9733 /* Build configuration list for PBXProject "RawGameApp" */ = {
			isa = XCConfigurationList;
			buildConfigurations = (
				D2C504FF29784EF1008A9733 /* Debug */,
				D2C5050029784EF1008A9733 /* Release */,
			);
			defaultConfigurationIsVisible = 0;
			defaultConfigurationName = Release;
		};
		D2C5050129784EF1008A9733 /* Build configuration list for PBXNativeTarget "RawGameApp" */ = {
			isa = XCConfigurationList;
			buildConfigurations = (
				D2C5050229784EF1008A9733 /* Debug */,
				D2C5050329784EF1008A9733 /* Release */,
			);
			defaultConfigurationIsVisible = 0;
			defaultConfigurationName = Release;
		};
/* End XCConfigurationList section */

/* Begin XCRemoteSwiftPackageReference section */
		D27C12972978B1F500478DD9 /* XCRemoteSwiftPackageReference "SDWebImage" */ = {
			isa = XCRemoteSwiftPackageReference;
			repositoryURL = "https://github.com/SDWebImage/SDWebImage.git";
			requirement = {
				kind = upToNextMajorVersion;
				minimumVersion = 5.0.0;
			};
		};
/* End XCRemoteSwiftPackageReference section */

/* Begin XCSwiftPackageProductDependency section */
		D27C12982978B1F500478DD9 /* SDWebImage */ = {
			isa = XCSwiftPackageProductDependency;
			package = D27C12972978B1F500478DD9 /* XCRemoteSwiftPackageReference "SDWebImage" */;
			productName = SDWebImage;
		};
/* End XCSwiftPackageProductDependency section */

/* Begin XCVersionGroup section */
		D2C504F629784EF0008A9733 /* RawGameApp.xcdatamodeld */ = {
			isa = XCVersionGroup;
			children = (
				D2C504F729784EF0008A9733 /* RawGameApp.xcdatamodel */,
			);
			currentVersion = D2C504F729784EF0008A9733 /* RawGameApp.xcdatamodel */;
			path = RawGameApp.xcdatamodeld;
			sourceTree = "<group>";
			versionGroupType = wrapper.xcdatamodel;
		};
/* End XCVersionGroup section */
	};
	rootObject = D2C504E229784EF0008A9733 /* Project object */;
}
